lockfileVersion: '9.0'

settings:
  autoInstallPeers: true
  excludeLinksFromLockfile: false

importers:

  .:
    devDependencies:
      '@tauri-apps/cli':
        specifier: '>=2.0.0-rc.0'
        version: 2.0.0-rc.1

packages:

  '@tauri-apps/cli-darwin-arm64@2.0.0-rc.1':
    resolution: {integrity: sha512-dJxyAi4P9fOkklBZXuwUVnHgdM/20fgM4zYdfejQfju5+q9GUqnMbrrIUqlJbQGf8EnrIdSWnieO8wU8GOwT0g==}
    engines: {node: '>= 10'}
    cpu: [arm64]
    os: [darwin]

  '@tauri-apps/cli-darwin-x64@2.0.0-rc.1':
    resolution: {integrity: sha512-dwrqLzNIFk8a1Vf2YI8axHm7uvLfo4M4TSWCw2ZkgeSGWWK6Y6CYVZbBEjOEGIOf+GFAa9rVOSZRuMwpiufNng==}
    engines: {node: '>= 10'}
    cpu: [x64]
    os: [darwin]

  '@tauri-apps/cli-linux-arm-gnueabihf@2.0.0-rc.1':
    resolution: {integrity: sha512-jvMF4UNc3Jr/xHnw+4NNsWfk8WrcFrQVImAtKlCev9QepqfBmDh+FgXTvfysoBCSxEBS626TvYms3OhI0LOO4A==}
    engines: {node: '>= 10'}
    cpu: [arm]
    os: [linux]

  '@tauri-apps/cli-linux-arm64-gnu@2.0.0-rc.1':
    resolution: {integrity: sha512-TGmadGW8BjTq864AYrv/u+vTnAodnOuzv1VCUOV23O8st35GZG6V47jwNsSjQjhrcO1XzmJiRAtrcVKuTZ/xUA==}
    engines: {node: '>= 10'}
    cpu: [arm64]
    os: [linux]

  '@tauri-apps/cli-linux-arm64-musl@2.0.0-rc.1':
    resolution: {integrity: sha512-+SJsRTW0PvvD7awEn+tIPJ3s12s6RpKXdOib2mztoKocasrGRfz+EFZuXc42Iwk3xROsrQkiw2UAmcNLkW5NwA==}
    engines: {node: '>= 10'}
    cpu: [arm64]
    os: [linux]

  '@tauri-apps/cli-linux-x64-gnu@2.0.0-rc.1':
    resolution: {integrity: sha512-vjPrj2btS97IOp6cU42IrkI49SQZDSg8TPqwOwFqyQeAotCT1i0F38pLZWe1gLyPUowO8XdaaBdwYg6IRDKcZg==}
    engines: {node: '>= 10'}
    cpu: [x64]
    os: [linux]

  '@tauri-apps/cli-linux-x64-musl@2.0.0-rc.1':
    resolution: {integrity: sha512-MrE68/u6rMrkM1uM/DR1MNnMXiYebhSPGqqxshJ12SmFdk3yQ/Z73Wzvk8xv78eOExh4lTtEXI22YwaBCf9AEg==}
    engines: {node: '>= 10'}
    cpu: [x64]
    os: [linux]

  '@tauri-apps/cli-win32-arm64-msvc@2.0.0-rc.1':
    resolution: {integrity: sha512-SLulbiUjg8BGf/zX+U1PGjB+JpsN2nLRGuW07BYwSDW3s3mp2aagLuOwaTaOPBrDzfIMRYq8KT54A4jfRjEZlg==}
    engines: {node: '>= 10'}
    cpu: [arm64]
    os: [win32]

  '@tauri-apps/cli-win32-ia32-msvc@2.0.0-rc.1':
    resolution: {integrity: sha512-rz85riTjcWdZlgTku6HcBx625Otdc0/NwDjRXgdXakL1ybw7E+G5YlLZNcQX25u17RKUAWX/2/VZ1pSz945Ovw==}
    engines: {node: '>= 10'}
    cpu: [ia32]
    os: [win32]

  '@tauri-apps/cli-win32-x64-msvc@2.0.0-rc.1':
    resolution: {integrity: sha512-aRO70dDbn4w3CbALMG+b7g460xmbSTuUiGmRh0r/MNVeoZk/YbqluBUyhXdWGxJb8OVubw/4RlczKYcPmJceMw==}
    engines: {node: '>= 10'}
    cpu: [x64]
    os: [win32]

  '@tauri-apps/cli@2.0.0-rc.1':
    resolution: {integrity: sha512-9AzVrUMdb6EZ/Lwtdqt03XqqG6d/3gTJPOw2E9zmCHprJWEwqEp4JIVHYYfrqkkZyKclD3m5ggXwfYwclcYLdw==}
    engines: {node: '>= 10'}
    hasBin: true

snapshots:

  '@tauri-apps/cli-darwin-arm64@2.0.0-rc.1':
    optional: true

  '@tauri-apps/cli-darwin-x64@2.0.0-rc.1':
    optional: true

  '@tauri-apps/cli-linux-arm-gnueabihf@2.0.0-rc.1':
    optional: true

  '@tauri-apps/cli-linux-arm64-gnu@2.0.0-rc.1':
    optional: true

  '@tauri-apps/cli-linux-arm64-musl@2.0.0-rc.1':
    optional: true

  '@tauri-apps/cli-linux-x64-gnu@2.0.0-rc.1':
    optional: true

  '@tauri-apps/cli-linux-x64-musl@2.0.0-rc.1':
    optional: true

  '@tauri-apps/cli-win32-arm64-msvc@2.0.0-rc.1':
    optional: true

  '@tauri-apps/cli-win32-ia32-msvc@2.0.0-rc.1':
    optional: true

  '@tauri-apps/cli-win32-x64-msvc@2.0.0-rc.1':
    optional: true

  '@tauri-apps/cli@2.0.0-rc.1':
    optionalDependencies:
      '@tauri-apps/cli-darwin-arm64': 2.0.0-rc.1
      '@tauri-apps/cli-darwin-x64': 2.0.0-rc.1
      '@tauri-apps/cli-linux-arm-gnueabihf': 2.0.0-rc.1
      '@tauri-apps/cli-linux-arm64-gnu': 2.0.0-rc.1
      '@tauri-apps/cli-linux-arm64-musl': 2.0.0-rc.1
      '@tauri-apps/cli-linux-x64-gnu': 2.0.0-rc.1
      '@tauri-apps/cli-linux-x64-musl': 2.0.0-rc.1
      '@tauri-apps/cli-win32-arm64-msvc': 2.0.0-rc.1
      '@tauri-apps/cli-win32-ia32-msvc': 2.0.0-rc.1
      '@tauri-apps/cli-win32-x64-msvc': 2.0.0-rc.1
